
Microsoft Visual Studio Solution File, Format Version 12.00
# Visual Studio 15
VisualStudioVersion = 15.0.26430.6
MinimumVisualStudioVersion = 10.0.40219.1
Project("{FAE04EC0-301F-11D3-BF4B-00C04F79EFBC}") = "WebApp", "WebApp\WebApp.csproj", "{7EE516F7-2E5E-4A6B-A0CC-BF0790F5CCC8}"
EndProject
Project("{FAE04EC0-301F-11D3-BF4B-00C04F79EFBC}") = "WebApp.Tests", "WebApp.Tests\WebApp.Tests.csproj", "{7DE0AF60-559F-4830-82D5-FE254024192A}"
EndProject
Global
	GlobalSection(SolutionConfigurationPlatforms) = preSolution
		Debug|Any CPU = Debug|Any CPU
		Release|Any CPU = Release|Any CPU
	EndGlobalSection
	GlobalSection(ProjectConfigurationPlatforms) = postSolution
		{7EE516F7-2E5E-4A6B-A0CC-BF0790F5CCC8}.Debug|Any CPU.ActiveCfg = Debug|Any CPU
		{7EE516F7-2E5E-4A6B-A0CC-BF0790F5CCC8}.Debug|Any CPU.Build.0 = Debug|Any CPU
		{7EE516F7-2E5E-4A6B-A0CC-BF0790F5CCC8}.Release|Any CPU.ActiveCfg = Release|Any CPU
		{7EE516F7-2E5E-4A6B-A0CC-BF0790F5CCC8}.Release|Any CPU.Build.0 = Release|Any CPU
		{7DE0AF60-559F-4830-82D5-FE254024192A}.Debug|Any CPU.ActiveCfg = Debug|Any CPU
		{7DE0AF60-559F-4830-82D5-FE254024192A}.Debug|Any CPU.Build.0 = Debug|Any CPU
		{7DE0AF60-559F-4830-82D5-FE254024192A}.Release|Any CPU.ActiveCfg = Release|Any CPU
		{7DE0AF60-559F-4830-82D5-FE254024192A}.Release|Any CPU.Build.0 = Release|Any CPU
	EndGlobalSection
	GlobalSection(SolutionProperties) = preSolution
		HideSolutionNode = FALSE
	EndGlobalSection
EndGlobal
